
Microsoft Visual Studio Solution File, Format Version 12.00
# Visual Studio Version 17
VisualStudioVersion = 17.1.32210.238
MinimumVisualStudioVersion = 10.0.40219.1
Project("{FAE04EC0-301F-11D3-BF4B-00C04F79EFBC}") = "TextboxPlaceholderDemo", "TextboxPlaceholderDemo\TextboxPlaceholderDemo.csproj", "{066AC9C4-7868-413C-8F01-2E94C28BB227}"
EndProject
Global
	GlobalSection(SolutionConfigurationPlatforms) = preSolution
		Debug|Any CPU = Debug|Any CPU
		Release|Any CPU = Release|Any CPU
	EndGlobalSection
	GlobalSection(ProjectConfigurationPlatforms) = postSolution
		{066AC9C4-7868-413C-8F01-2E94C28BB227}.Debug|Any CPU.ActiveCfg = Debug|Any CPU
		{066AC9C4-7868-413C-8F01-2E94C28BB227}.Debug|Any CPU.Build.0 = Debug|Any CPU
		{066AC9C4-7868-413C-8F01-2E94C28BB227}.Release|Any CPU.ActiveCfg = Release|Any CPU
		{066AC9C4-7868-413C-8F01-2E94C28BB227}.Release|Any CPU.Build.0 = Release|Any CPU
	EndGlobalSection
	GlobalSection(SolutionProperties) = preSolution
		HideSolutionNode = FALSE
	EndGlobalSection
	GlobalSection(ExtensibilityGlobals) = postSolution
		SolutionGuid = {D3B427D9-F5E7-428F-B87C-F4C27DAE52DD}
	EndGlobalSection
EndGlobal
