
Microsoft Visual Studio Solution File, Format Version 12.00
# Visual Studio Version 17
VisualStudioVersion = 17.0.32112.339
MinimumVisualStudioVersion = 10.0.40219.1
Project("{FAE04EC0-301F-11D3-BF4B-00C04F79EFBC}") = "UnitTestingLegacyContext", "UnitTestingLegacyContext\UnitTestingLegacyContext.csproj", "{B25ABFBD-25EC-4449-A477-CFF649B124CE}"
EndProject
Project("{FAE04EC0-301F-11D3-BF4B-00C04F79EFBC}") = "LegacyTests", "LegacyTests\LegacyTests.csproj", "{6DF6AAD7-9587-445E-8CE8-5954D03B8A6B}"
EndProject
Global
	GlobalSection(SolutionConfigurationPlatforms) = preSolution
		Debug|Any CPU = Debug|Any CPU
		Release|Any CPU = Release|Any CPU
	EndGlobalSection
	GlobalSection(ProjectConfigurationPlatforms) = postSolution
		{B25ABFBD-25EC-4449-A477-CFF649B124CE}.Debug|Any CPU.ActiveCfg = Debug|Any CPU
		{B25ABFBD-25EC-4449-A477-CFF649B124CE}.Debug|Any CPU.Build.0 = Debug|Any CPU
		{B25ABFBD-25EC-4449-A477-CFF649B124CE}.Release|Any CPU.ActiveCfg = Release|Any CPU
		{B25ABFBD-25EC-4449-A477-CFF649B124CE}.Release|Any CPU.Build.0 = Release|Any CPU
		{6DF6AAD7-9587-445E-8CE8-5954D03B8A6B}.Debug|Any CPU.ActiveCfg = Debug|Any CPU
		{6DF6AAD7-9587-445E-8CE8-5954D03B8A6B}.Debug|Any CPU.Build.0 = Debug|Any CPU
		{6DF6AAD7-9587-445E-8CE8-5954D03B8A6B}.Release|Any CPU.ActiveCfg = Release|Any CPU
		{6DF6AAD7-9587-445E-8CE8-5954D03B8A6B}.Release|Any CPU.Build.0 = Release|Any CPU
	EndGlobalSection
	GlobalSection(SolutionProperties) = preSolution
		HideSolutionNode = FALSE
	EndGlobalSection
	GlobalSection(ExtensibilityGlobals) = postSolution
		SolutionGuid = {26678678-4106-40A1-98AA-459B3271B39A}
	EndGlobalSection
EndGlobal
